
Microsoft Visual Studio Solution File, Format Version 12.00
# Visual Studio Version 17
VisualStudioVersion = 17.8.34316.72
MinimumVisualStudioVersion = 10.0.40219.1
Project("{2150E333-8FDC-42A3-9474-1A3956D46DE8}") = "src", "src", "{165F6F52-A915-4523-8539-A44BC9589697}"
EndProject
Project("{2150E333-8FDC-42A3-9474-1A3956D46DE8}") = "test", "test", "{DE37E8A6-6B55-480B-8C9C-12C2847A995C}"
EndProject
Project("{FAE04EC0-301F-11D3-BF4B-00C04F79EFBC}") = "BaseProject.Domain", "src\BaseProject.Domain\BaseProject.Domain.csproj", "{7087E44C-7F82-4D67-80E6-B17559D55055}"
EndProject
Project("{FAE04EC0-301F-11D3-BF4B-00C04F79EFBC}") = "BaseProject.Infrastructure", "src\BaseProject.Infrastructure\BaseProject.Infrastructure.csproj", "{D80BC886-B0D3-4DEF-8C8F-31E049EB5DBF}"
EndProject
Project("{FAE04EC0-301F-11D3-BF4B-00C04F79EFBC}") = "BaseProject.Application", "src\BaseProject.Application\BaseProject.Application.csproj", "{4716CE0D-1263-40A3-A7EA-DB4FC3A2C3A0}"
EndProject
Project("{FAE04EC0-301F-11D3-BF4B-00C04F79EFBC}") = "BaseProject.WebAPI", "src\BaseProject.WebAPI\BaseProject.WebAPI.csproj", "{8E750796-D0DF-4644-A93F-E539BFA40480}"
EndProject
Project("{FAE04EC0-301F-11D3-BF4B-00C04F79EFBC}") = "BaseProject.Test.Unit", "test\BaseProject.Test\BaseProject.Test.Unit.csproj", "{39A87D3A-A5F2-4AB7-9B76-2756EE151C0C}"
EndProject
Global
	GlobalSection(SolutionConfigurationPlatforms) = preSolution
		Debug|Any CPU = Debug|Any CPU
		Release|Any CPU = Release|Any CPU
	EndGlobalSection
	GlobalSection(ProjectConfigurationPlatforms) = postSolution
		{7087E44C-7F82-4D67-80E6-B17559D55055}.Debug|Any CPU.ActiveCfg = Debug|Any CPU
		{7087E44C-7F82-4D67-80E6-B17559D55055}.Debug|Any CPU.Build.0 = Debug|Any CPU
		{7087E44C-7F82-4D67-80E6-B17559D55055}.Release|Any CPU.ActiveCfg = Release|Any CPU
		{7087E44C-7F82-4D67-80E6-B17559D55055}.Release|Any CPU.Build.0 = Release|Any CPU
		{D80BC886-B0D3-4DEF-8C8F-31E049EB5DBF}.Debug|Any CPU.ActiveCfg = Debug|Any CPU
		{D80BC886-B0D3-4DEF-8C8F-31E049EB5DBF}.Debug|Any CPU.Build.0 = Debug|Any CPU
		{D80BC886-B0D3-4DEF-8C8F-31E049EB5DBF}.Release|Any CPU.ActiveCfg = Release|Any CPU
		{D80BC886-B0D3-4DEF-8C8F-31E049EB5DBF}.Release|Any CPU.Build.0 = Release|Any CPU
		{4716CE0D-1263-40A3-A7EA-DB4FC3A2C3A0}.Debug|Any CPU.ActiveCfg = Debug|Any CPU
		{4716CE0D-1263-40A3-A7EA-DB4FC3A2C3A0}.Debug|Any CPU.Build.0 = Debug|Any CPU
		{4716CE0D-1263-40A3-A7EA-DB4FC3A2C3A0}.Release|Any CPU.ActiveCfg = Release|Any CPU
		{4716CE0D-1263-40A3-A7EA-DB4FC3A2C3A0}.Release|Any CPU.Build.0 = Release|Any CPU
		{8E750796-D0DF-4644-A93F-E539BFA40480}.Debug|Any CPU.ActiveCfg = Debug|Any CPU
		{8E750796-D0DF-4644-A93F-E539BFA40480}.Debug|Any CPU.Build.0 = Debug|Any CPU
		{8E750796-D0DF-4644-A93F-E539BFA40480}.Release|Any CPU.ActiveCfg = Release|Any CPU
		{8E750796-D0DF-4644-A93F-E539BFA40480}.Release|Any CPU.Build.0 = Release|Any CPU
		{39A87D3A-A5F2-4AB7-9B76-2756EE151C0C}.Debug|Any CPU.ActiveCfg = Debug|Any CPU
		{39A87D3A-A5F2-4AB7-9B76-2756EE151C0C}.Debug|Any CPU.Build.0 = Debug|Any CPU
		{39A87D3A-A5F2-4AB7-9B76-2756EE151C0C}.Release|Any CPU.ActiveCfg = Release|Any CPU
		{39A87D3A-A5F2-4AB7-9B76-2756EE151C0C}.Release|Any CPU.Build.0 = Release|Any CPU
	EndGlobalSection
	GlobalSection(SolutionProperties) = preSolution
		HideSolutionNode = FALSE
	EndGlobalSection
	GlobalSection(NestedProjects) = preSolution
		{7087E44C-7F82-4D67-80E6-B17559D55055} = {165F6F52-A915-4523-8539-A44BC9589697}
		{D80BC886-B0D3-4DEF-8C8F-31E049EB5DBF} = {165F6F52-A915-4523-8539-A44BC9589697}
		{4716CE0D-1263-40A3-A7EA-DB4FC3A2C3A0} = {165F6F52-A915-4523-8539-A44BC9589697}
		{8E750796-D0DF-4644-A93F-E539BFA40480} = {165F6F52-A915-4523-8539-A44BC9589697}
		{39A87D3A-A5F2-4AB7-9B76-2756EE151C0C} = {DE37E8A6-6B55-480B-8C9C-12C2847A995C}
	EndGlobalSection
	GlobalSection(ExtensibilityGlobals) = postSolution
		SolutionGuid = {4D6C36A8-A612-4D4C-A412-43911660826A}
	EndGlobalSection
EndGlobal
